
Microsoft Visual Studio Solution File, Format Version 12.00
# Visual Studio Version 16
VisualStudioVersion = 16.0.31624.102
MinimumVisualStudioVersion = 10.0.40219.1
Project("{FAE04EC0-301F-11D3-BF4B-00C04F79EFBC}") = "LambdaExpressions", "LambdaExpressions.csproj", "{ADDED86E-EBAB-4C44-8132-18C7F866CE2B}"
EndProject
Global
	GlobalSection(SolutionConfigurationPlatforms) = preSolution
		Debug|Any CPU = Debug|Any CPU
		Release|Any CPU = Release|Any CPU
	EndGlobalSection
	GlobalSection(ProjectConfigurationPlatforms) = postSolution
		{ADDED86E-EBAB-4C44-8132-18C7F866CE2B}.Debug|Any CPU.ActiveCfg = Debug|Any CPU
		{ADDED86E-EBAB-4C44-8132-18C7F866CE2B}.Debug|Any CPU.Build.0 = Debug|Any CPU
		{ADDED86E-EBAB-4C44-8132-18C7F866CE2B}.Release|Any CPU.ActiveCfg = Release|Any CPU
		{ADDED86E-EBAB-4C44-8132-18C7F866CE2B}.Release|Any CPU.Build.0 = Release|Any CPU
	EndGlobalSection
	GlobalSection(SolutionProperties) = preSolution
		HideSolutionNode = FALSE
	EndGlobalSection
	GlobalSection(ExtensibilityGlobals) = postSolution
		SolutionGuid = {D3C9F270-0E98-411E-BC3C-16D9226E1940}
	EndGlobalSection
EndGlobal
