
Microsoft Visual Studio Solution File, Format Version 12.00
# Visual Studio Version 16
VisualStudioVersion = 16.0.31624.102
MinimumVisualStudioVersion = 10.0.40219.1
Project("{FAE04EC0-301F-11D3-BF4B-00C04F79EFBC}") = "SongApp", "SongApp.csproj", "{48C334A3-E4D7-48CF-9FE1-B7C9174DBF88}"
EndProject
Global
	GlobalSection(SolutionConfigurationPlatforms) = preSolution
		Debug|Any CPU = Debug|Any CPU
		Release|Any CPU = Release|Any CPU
	EndGlobalSection
	GlobalSection(ProjectConfigurationPlatforms) = postSolution
		{48C334A3-E4D7-48CF-9FE1-B7C9174DBF88}.Debug|Any CPU.ActiveCfg = Debug|Any CPU
		{48C334A3-E4D7-48CF-9FE1-B7C9174DBF88}.Debug|Any CPU.Build.0 = Debug|Any CPU
		{48C334A3-E4D7-48CF-9FE1-B7C9174DBF88}.Release|Any CPU.ActiveCfg = Release|Any CPU
		{48C334A3-E4D7-48CF-9FE1-B7C9174DBF88}.Release|Any CPU.Build.0 = Release|Any CPU
	EndGlobalSection
	GlobalSection(SolutionProperties) = preSolution
		HideSolutionNode = FALSE
	EndGlobalSection
	GlobalSection(ExtensibilityGlobals) = postSolution
		SolutionGuid = {BD814E00-F8FE-4B07-9A02-7EAA52D21AFA}
	EndGlobalSection
EndGlobal
