
Microsoft Visual Studio Solution File, Format Version 12.00
# Visual Studio Version 16
VisualStudioVersion = 16.0.31624.102
MinimumVisualStudioVersion = 10.0.40219.1
Project("{FAE04EC0-301F-11D3-BF4B-00C04F79EFBC}") = "NumberSortV2", "NumberSortV2.csproj", "{CBB8BF61-3190-49DB-900A-D0961A9A729F}"
EndProject
Global
	GlobalSection(SolutionConfigurationPlatforms) = preSolution
		Debug|Any CPU = Debug|Any CPU
		Release|Any CPU = Release|Any CPU
	EndGlobalSection
	GlobalSection(ProjectConfigurationPlatforms) = postSolution
		{CBB8BF61-3190-49DB-900A-D0961A9A729F}.Debug|Any CPU.ActiveCfg = Debug|Any CPU
		{CBB8BF61-3190-49DB-900A-D0961A9A729F}.Debug|Any CPU.Build.0 = Debug|Any CPU
		{CBB8BF61-3190-49DB-900A-D0961A9A729F}.Release|Any CPU.ActiveCfg = Release|Any CPU
		{CBB8BF61-3190-49DB-900A-D0961A9A729F}.Release|Any CPU.Build.0 = Release|Any CPU
	EndGlobalSection
	GlobalSection(SolutionProperties) = preSolution
		HideSolutionNode = FALSE
	EndGlobalSection
	GlobalSection(ExtensibilityGlobals) = postSolution
		SolutionGuid = {9367B0F0-FF65-430E-B454-40270D9D8A40}
	EndGlobalSection
EndGlobal
