
Microsoft Visual Studio Solution File, Format Version 12.00
# Visual Studio Version 16
VisualStudioVersion = 16.0.31624.102
MinimumVisualStudioVersion = 10.0.40219.1
Project("{FAE04EC0-301F-11D3-BF4B-00C04F79EFBC}") = "SortedList", "SortedList.csproj", "{B7794BC4-77AB-4D0F-975F-C339AD813F6A}"
EndProject
Global
	GlobalSection(SolutionConfigurationPlatforms) = preSolution
		Debug|Any CPU = Debug|Any CPU
		Release|Any CPU = Release|Any CPU
	EndGlobalSection
	GlobalSection(ProjectConfigurationPlatforms) = postSolution
		{B7794BC4-77AB-4D0F-975F-C339AD813F6A}.Debug|Any CPU.ActiveCfg = Debug|Any CPU
		{B7794BC4-77AB-4D0F-975F-C339AD813F6A}.Debug|Any CPU.Build.0 = Debug|Any CPU
		{B7794BC4-77AB-4D0F-975F-C339AD813F6A}.Release|Any CPU.ActiveCfg = Release|Any CPU
		{B7794BC4-77AB-4D0F-975F-C339AD813F6A}.Release|Any CPU.Build.0 = Release|Any CPU
	EndGlobalSection
	GlobalSection(SolutionProperties) = preSolution
		HideSolutionNode = FALSE
	EndGlobalSection
	GlobalSection(ExtensibilityGlobals) = postSolution
		SolutionGuid = {BA7088D9-C3CC-4D49-B5B6-259191975C66}
	EndGlobalSection
EndGlobal
